
Microsoft Visual Studio Solution File, Format Version 12.00
# Visual Studio Version 17
VisualStudioVersion = 17.2.32526.322
MinimumVisualStudioVersion = 10.0.40219.1
Project("{9A19103F-16F7-4668-BE54-9A1E7A4F7556}") = "PrismWeatherApp", "PrismWeatherApp\PrismWeatherApp.csproj", "{74462CCC-0C64-4F15-A71F-F7B45C742BF8}"
EndProject
Project("{9A19103F-16F7-4668-BE54-9A1E7A4F7556}") = "PrismWeatherApp.Core", "PrismWeatherApp.Core\PrismWeatherApp.Core.csproj", "{4EEEEE13-D109-42BB-B97A-8C05D8611C5D}"
EndProject
Project("{9A19103F-16F7-4668-BE54-9A1E7A4F7556}") = "PrismWeatherApp.Menu", "PrismWeatherApp.Menu\PrismWeatherApp.Menu.csproj", "{2DCBD2A9-60D4-426F-9BE4-258E772DBEBC}"
EndProject
Project("{9A19103F-16F7-4668-BE54-9A1E7A4F7556}") = "PrismWeatherApp.Search", "PrismWeatherApp.Search\PrismWeatherApp.Search.csproj", "{8417D255-3A17-4BF4-BD81-362A81850A61}"
EndProject
Project("{9A19103F-16F7-4668-BE54-9A1E7A4F7556}") = "PrismWeatherApp.Temperature", "PrismWeatherApp.Temperature\PrismWeatherApp.Temperature.csproj", "{EB4C8983-F3DE-443E-978D-B7E383E6809B}"
EndProject
Project("{FAE04EC0-301F-11D3-BF4B-00C04F79EFBC}") = "PrismWeatherApp.HourlyTemperature", "PrismWeatherApp.HourlyTemperature\PrismWeatherApp.HourlyTemperature.csproj", "{7F73F163-4148-41E0-942F-B27F8CFBC23B}"
EndProject
Global
	GlobalSection(SolutionConfigurationPlatforms) = preSolution
		Debug|Any CPU = Debug|Any CPU
		Release|Any CPU = Release|Any CPU
	EndGlobalSection
	GlobalSection(ProjectConfigurationPlatforms) = postSolution
		{74462CCC-0C64-4F15-A71F-F7B45C742BF8}.Debug|Any CPU.ActiveCfg = Debug|Any CPU
		{74462CCC-0C64-4F15-A71F-F7B45C742BF8}.Debug|Any CPU.Build.0 = Debug|Any CPU
		{74462CCC-0C64-4F15-A71F-F7B45C742BF8}.Release|Any CPU.ActiveCfg = Release|Any CPU
		{74462CCC-0C64-4F15-A71F-F7B45C742BF8}.Release|Any CPU.Build.0 = Release|Any CPU
		{4EEEEE13-D109-42BB-B97A-8C05D8611C5D}.Debug|Any CPU.ActiveCfg = Debug|Any CPU
		{4EEEEE13-D109-42BB-B97A-8C05D8611C5D}.Debug|Any CPU.Build.0 = Debug|Any CPU
		{4EEEEE13-D109-42BB-B97A-8C05D8611C5D}.Release|Any CPU.ActiveCfg = Release|Any CPU
		{4EEEEE13-D109-42BB-B97A-8C05D8611C5D}.Release|Any CPU.Build.0 = Release|Any CPU
		{2DCBD2A9-60D4-426F-9BE4-258E772DBEBC}.Debug|Any CPU.ActiveCfg = Debug|Any CPU
		{2DCBD2A9-60D4-426F-9BE4-258E772DBEBC}.Debug|Any CPU.Build.0 = Debug|Any CPU
		{2DCBD2A9-60D4-426F-9BE4-258E772DBEBC}.Release|Any CPU.ActiveCfg = Release|Any CPU
		{2DCBD2A9-60D4-426F-9BE4-258E772DBEBC}.Release|Any CPU.Build.0 = Release|Any CPU
		{8417D255-3A17-4BF4-BD81-362A81850A61}.Debug|Any CPU.ActiveCfg = Debug|Any CPU
		{8417D255-3A17-4BF4-BD81-362A81850A61}.Debug|Any CPU.Build.0 = Debug|Any CPU
		{8417D255-3A17-4BF4-BD81-362A81850A61}.Release|Any CPU.ActiveCfg = Release|Any CPU
		{8417D255-3A17-4BF4-BD81-362A81850A61}.Release|Any CPU.Build.0 = Release|Any CPU
		{EB4C8983-F3DE-443E-978D-B7E383E6809B}.Debug|Any CPU.ActiveCfg = Debug|Any CPU
		{EB4C8983-F3DE-443E-978D-B7E383E6809B}.Debug|Any CPU.Build.0 = Debug|Any CPU
		{EB4C8983-F3DE-443E-978D-B7E383E6809B}.Release|Any CPU.ActiveCfg = Release|Any CPU
		{EB4C8983-F3DE-443E-978D-B7E383E6809B}.Release|Any CPU.Build.0 = Release|Any CPU
		{7F73F163-4148-41E0-942F-B27F8CFBC23B}.Debug|Any CPU.ActiveCfg = Debug|Any CPU
		{7F73F163-4148-41E0-942F-B27F8CFBC23B}.Debug|Any CPU.Build.0 = Debug|Any CPU
		{7F73F163-4148-41E0-942F-B27F8CFBC23B}.Release|Any CPU.ActiveCfg = Release|Any CPU
		{7F73F163-4148-41E0-942F-B27F8CFBC23B}.Release|Any CPU.Build.0 = Release|Any CPU
	EndGlobalSection
	GlobalSection(SolutionProperties) = preSolution
		HideSolutionNode = FALSE
	EndGlobalSection
	GlobalSection(ExtensibilityGlobals) = postSolution
		SolutionGuid = {2BCD9780-929E-4D90-9CE4-1B646E9731B3}
	EndGlobalSection
EndGlobal
